
Microsoft Visual Studio Solution File, Format Version 12.00
# Visual Studio Version 16
VisualStudioVersion = 16.0.30128.74
MinimumVisualStudioVersion = 10.0.40219.1
Project("{FAE04EC0-301F-11D3-BF4B-00C04F79EFBC}") = "FriendOrganizer.Ui", "FriendOrganizer.Ui\FriendOrganizer.Ui.csproj", "{36182F7C-9936-4837-A9D7-2EE7DDEF8FD4}"
EndProject
Project("{FAE04EC0-301F-11D3-BF4B-00C04F79EFBC}") = "FriendOrganizer.DataAccess", "FriendOrganizer.DataAccess\FriendOrganizer.DataAccess.csproj", "{F4731ACA-E91F-4359-95C3-8B47F489E162}"
EndProject
Project("{FAE04EC0-301F-11D3-BF4B-00C04F79EFBC}") = "FriendOrganizer.Model", "FriendOrganizer.Model\FriendOrganizer.Model.csproj", "{0467CDDD-C8BE-4982-A07B-9017C22A769E}"
EndProject
Global
	GlobalSection(SolutionConfigurationPlatforms) = preSolution
		Debug|Any CPU = Debug|Any CPU
		Release|Any CPU = Release|Any CPU
	EndGlobalSection
	GlobalSection(ProjectConfigurationPlatforms) = postSolution
		{36182F7C-9936-4837-A9D7-2EE7DDEF8FD4}.Debug|Any CPU.ActiveCfg = Debug|Any CPU
		{36182F7C-9936-4837-A9D7-2EE7DDEF8FD4}.Debug|Any CPU.Build.0 = Debug|Any CPU
		{36182F7C-9936-4837-A9D7-2EE7DDEF8FD4}.Release|Any CPU.ActiveCfg = Release|Any CPU
		{36182F7C-9936-4837-A9D7-2EE7DDEF8FD4}.Release|Any CPU.Build.0 = Release|Any CPU
		{F4731ACA-E91F-4359-95C3-8B47F489E162}.Debug|Any CPU.ActiveCfg = Debug|Any CPU
		{F4731ACA-E91F-4359-95C3-8B47F489E162}.Debug|Any CPU.Build.0 = Debug|Any CPU
		{F4731ACA-E91F-4359-95C3-8B47F489E162}.Release|Any CPU.ActiveCfg = Release|Any CPU
		{F4731ACA-E91F-4359-95C3-8B47F489E162}.Release|Any CPU.Build.0 = Release|Any CPU
		{0467CDDD-C8BE-4982-A07B-9017C22A769E}.Debug|Any CPU.ActiveCfg = Debug|Any CPU
		{0467CDDD-C8BE-4982-A07B-9017C22A769E}.Debug|Any CPU.Build.0 = Debug|Any CPU
		{0467CDDD-C8BE-4982-A07B-9017C22A769E}.Release|Any CPU.ActiveCfg = Release|Any CPU
		{0467CDDD-C8BE-4982-A07B-9017C22A769E}.Release|Any CPU.Build.0 = Release|Any CPU
	EndGlobalSection
	GlobalSection(SolutionProperties) = preSolution
		HideSolutionNode = FALSE
	EndGlobalSection
	GlobalSection(ExtensibilityGlobals) = postSolution
		SolutionGuid = {F8F34E57-F5AF-45D7-94CE-342DCE070283}
	EndGlobalSection
EndGlobal
